// !$*UTF8*$!
{
	archiveVersion = 1;
	classes = {
	};
	objectVersion = 50;
	objects = {

/* Begin PBXBuildFile section */
		0FCB956E22BB5FFF006A5B0B /* AppDelegate.m in Sources */ = {isa = PBXBuildFile; fileRef = 0FCB956D22BB5FFF006A5B0B /* AppDelegate.m */; };
		0FCB957422BB5FFF006A5B0B /* Main.storyboard in Resources */ = {isa = PBXBuildFile; fileRef = 0FCB957222BB5FFF006A5B0B /* Main.storyboard */; };
		0FCB957622BB6001006A5B0B /* Assets.xcassets in Resources */ = {isa = PBXBuildFile; fileRef = 0FCB957522BB6001006A5B0B /* Assets.xcassets */; };
		0FCB957922BB6001006A5B0B /* LaunchScreen.storyboard in Resources */ = {isa = PBXBuildFile; fileRef = 0FCB957722BB6001006A5B0B /* LaunchScreen.storyboard */; };
		0FCB957C22BB6001006A5B0B /* main.m in Sources */ = {isa = PBXBuildFile; fileRef = 0FCB957B22BB6001006A5B0B /* main.m */; };
		0FCB958622BB6001006A5B0B /* CarCommentTests.m in Sources */ = {isa = PBXBuildFile; fileRef = 0FCB958522BB6001006A5B0B /* CarCommentTests.m */; };
		0FCB959122BB6001006A5B0B /* CarCommentUITests.m in Sources */ = {isa = PBXBuildFile; fileRef = 0FCB959022BB6001006A5B0B /* CarCommentUITests.m */; };
		0FCB95A022BB7532006A5B0B /* MainTableViewController.m in Sources */ = {isa = PBXBuildFile; fileRef = 0FCB959F22BB7532006A5B0B /* MainTableViewController.m */; };
		0FCB95A222BB90C1006A5B0B /* classifier.mlmodel in Sources */ = {isa = PBXBuildFile; fileRef = 0FCB95A122BB90C1006A5B0B /* classifier.mlmodel */; };
/* End PBXBuildFile section */

/* Begin PBXContainerItemProxy section */
		0FCB958222BB6001006A5B0B /* PBXContainerItemProxy */ = {
			isa = PBXContainerItemProxy;
			containerPortal = 0FCB956122BB5FFF006A5B0B /* Project object */;
			proxyType = 1;
			remoteGlobalIDString = 0FCB956822BB5FFF006A5B0B;
			remoteInfo = CarComment;
		};
		0FCB958D22BB6001006A5B0B /* PBXContainerItemProxy */ = {
			isa = PBXContainerItemProxy;
			containerPortal = 0FCB956122BB5FFF006A5B0B /* Project object */;
			proxyType = 1;
			remoteGlobalIDString = 0FCB956822BB5FFF006A5B0B;
			remoteInfo = CarComment;
		};
/* End PBXContainerItemProxy section */

/* Begin PBXFileReference section */
		0FCB956922BB5FFF006A5B0B /* CarComment.app */ = {isa = PBXFileReference; explicitFileType = wrapper.application; includeInIndex = 0; path = CarComment.app; sourceTree = BUILT_PRODUCTS_DIR; };
		0FCB956C22BB5FFF006A5B0B /* AppDelegate.h */ = {isa = PBXFileReference; lastKnownFileType = sourcecode.c.h; path = AppDelegate.h; sourceTree = "<group>"; };
		0FCB956D22BB5FFF006A5B0B /* AppDelegate.m */ = {isa = PBXFileReference; lastKnownFileType = sourcecode.c.objc; path = AppDelegate.m; sourceTree = "<group>"; };
		0FCB957322BB5FFF006A5B0B /* Base */ = {isa = PBXFileReference; lastKnownFileType = file.storyboard; name = Base; path = Base.lproj/Main.storyboard; sourceTree = "<group>"; };
		0FCB957522BB6001006A5B0B /* Assets.xcassets */ = {isa = PBXFileReference; lastKnownFileType = folder.assetcatalog; path = Assets.xcassets; sourceTree = "<group>"; };
		0FCB957822BB6001006A5B0B /* Base */ = {isa = PBXFileReference; lastKnownFileType = file.storyboard; name = Base; path = Base.lproj/LaunchScreen.storyboard; sourceTree = "<group>"; };
		0FCB957A22BB6001006A5B0B /* Info.plist */ = {isa = PBXFileReference; lastKnownFileType = text.plist.xml; path = Info.plist; sourceTree = "<group>"; };
		0FCB957B22BB6001006A5B0B /* main.m */ = {isa = PBXFileReference; lastKnownFileType = sourcecode.c.objc; path = main.m; sourceTree = "<group>"; };
		0FCB958122BB6001006A5B0B /* CarCommentTests.xctest */ = {isa = PBXFileReference; explicitFileType = wrapper.cfbundle; includeInIndex = 0; path = CarCommentTests.xctest; sourceTree = BUILT_PRODUCTS_DIR; };
		0FCB958522BB6001006A5B0B /* CarCommentTests.m */ = {isa = PBXFileReference; lastKnownFileType = sourcecode.c.objc; path = CarCommentTests.m; sourceTree = "<group>"; };
		0FCB958722BB6001006A5B0B /* Info.plist */ = {isa = PBXFileReference; lastKnownFileType = text.plist.xml; path = Info.plist; sourceTree = "<group>"; };
		0FCB958C22BB6001006A5B0B /* CarCommentUITests.xctest */ = {isa = PBXFileReference; explicitFileType = wrapper.cfbundle; includeInIndex = 0; path = CarCommentUITests.xctest; sourceTree = BUILT_PRODUCTS_DIR; };
		0FCB959022BB6001006A5B0B /* CarCommentUITests.m */ = {isa = PBXFileReference; lastKnownFileType = sourcecode.c.objc; path = CarCommentUITests.m; sourceTree = "<group>"; };
		0FCB959222BB6001006A5B0B /* Info.plist */ = {isa = PBXFileReference; lastKnownFileType = text.plist.xml; path = Info.plist; sourceTree = "<group>"; };
		0FCB959E22BB7532006A5B0B /* MainTableViewController.h */ = {isa = PBXFileReference; lastKnownFileType = sourcecode.c.h; path = MainTableViewController.h; sourceTree = "<group>"; };
		0FCB959F22BB7532006A5B0B /* MainTableViewController.m */ = {isa = PBXFileReference; lastKnownFileType = sourcecode.c.objc; path = MainTableViewController.m; sourceTree = "<group>"; };
		0FCB95A122BB90C1006A5B0B /* classifier.mlmodel */ = {isa = PBXFileReference; lastKnownFileType = file.mlmodel; name = classifier.mlmodel; path = ../../mlmodel/classifier.mlmodel; sourceTree = "<group>"; };
/* End PBXFileReference section */

/* Begin PBXFrameworksBuildPhase section */
		0FCB956622BB5FFF006A5B0B /* Frameworks */ = {
			isa = PBXFrameworksBuildPhase;
			buildActionMask = 2147483647;
			files = (
			);
			runOnlyForDeploymentPostprocessing = 0;
		};
		0FCB957E22BB6001006A5B0B /* Frameworks */ = {
			isa = PBXFrameworksBuildPhase;
			buildActionMask = 2147483647;
			files = (
			);
			runOnlyForDeploymentPostprocessing = 0;
		};
		0FCB958922BB6001006A5B0B /* Frameworks */ = {
			isa = PBXFrameworksBuildPhase;
			buildActionMask = 2147483647;
			files = (
			);
			runOnlyForDeploymentPostprocessing = 0;
		};
/* End PBXFrameworksBuildPhase section */

/* Begin PBXGroup section */
		0FCB956022BB5FFF006A5B0B = {
			isa = PBXGroup;
			children = (
				0FCB956B22BB5FFF006A5B0B /* CarComment */,
				0FCB958422BB6001006A5B0B /* CarCommentTests */,
				0FCB958F22BB6001006A5B0B /* CarCommentUITests */,
				0FCB956A22BB5FFF006A5B0B /* Products */,
			);
			sourceTree = "<group>";
		};
		0FCB956A22BB5FFF006A5B0B /* Products */ = {
			isa = PBXGroup;
			children = (
				0FCB956922BB5FFF006A5B0B /* CarComment.app */,
				0FCB958122BB6001006A5B0B /* CarCommentTests.xctest */,
				0FCB958C22BB6001006A5B0B /* CarCommentUITests.xctest */,
			);
			name = Products;
			sourceTree = "<group>";
		};
		0FCB956B22BB5FFF006A5B0B /* CarComment */ = {
			isa = PBXGroup;
			children = (
				0FCB956C22BB5FFF006A5B0B /* AppDelegate.h */,
				0FCB956D22BB5FFF006A5B0B /* AppDelegate.m */,
				0FCB959E22BB7532006A5B0B /* MainTableViewController.h */,
				0FCB959F22BB7532006A5B0B /* MainTableViewController.m */,
				0FCB957222BB5FFF006A5B0B /* Main.storyboard */,
				0FCB957522BB6001006A5B0B /* Assets.xcassets */,
				0FCB957722BB6001006A5B0B /* LaunchScreen.storyboard */,
				0FCB957A22BB6001006A5B0B /* Info.plist */,
				0FCB95A122BB90C1006A5B0B /* classifier.mlmodel */,
				0FCB957B22BB6001006A5B0B /* main.m */,
			);
			path = CarComment;
			sourceTree = "<group>";
		};
		0FCB958422BB6001006A5B0B /* CarCommentTests */ = {
			isa = PBXGroup;
			children = (
				0FCB958522BB6001006A5B0B /* CarCommentTests.m */,
				0FCB958722BB6001006A5B0B /* Info.plist */,
			);
			path = CarCommentTests;
			sourceTree = "<group>";
		};
		0FCB958F22BB6001006A5B0B /* CarCommentUITests */ = {
			isa = PBXGroup;
			children = (
				0FCB959022BB6001006A5B0B /* CarCommentUITests.m */,
				0FCB959222BB6001006A5B0B /* Info.plist */,
			);
			path = CarCommentUITests;
			sourceTree = "<group>";
		};
/* End PBXGroup section */

/* Begin PBXNativeTarget section */
		0FCB956822BB5FFF006A5B0B /* CarComment */ = {
			isa = PBXNativeTarget;
			buildConfigurationList = 0FCB959522BB6001006A5B0B /* Build configuration list for PBXNativeTarget "CarComment" */;
			buildPhases = (
				0FCB956522BB5FFF006A5B0B /* Sources */,
				0FCB956622BB5FFF006A5B0B /* Frameworks */,
				0FCB956722BB5FFF006A5B0B /* Resources */,
			);
			buildRules = (
			);
			dependencies = (
			);
			name = CarComment;
			productName = CarComment;
			productReference = 0FCB956922BB5FFF006A5B0B /* CarComment.app */;
			productType = "com.apple.product-type.application";
		};
		0FCB958022BB6001006A5B0B /* CarCommentTests */ = {
			isa = PBXNativeTarget;
			buildConfigurationList = 0FCB959822BB6001006A5B0B /* Build configuration list for PBXNativeTarget "CarCommentTests" */;
			buildPhases = (
				0FCB957D22BB6001006A5B0B /* Sources */,
				0FCB957E22BB6001006A5B0B /* Frameworks */,
				0FCB957F22BB6001006A5B0B /* Resources */,
			);
			buildRules = (
			);
			dependencies = (
				0FCB958322BB6001006A5B0B /* PBXTargetDependency */,
			);
			name = CarCommentTests;
			productName = CarCommentTests;
			productReference = 0FCB958122BB6001006A5B0B /* CarCommentTests.xctest */;
			productType = "com.apple.product-type.bundle.unit-test";
		};
		0FCB958B22BB6001006A5B0B /* CarCommentUITests */ = {
			isa = PBXNativeTarget;
			buildConfigurationList = 0FCB959B22BB6001006A5B0B /* Build configuration list for PBXNativeTarget "CarCommentUITests" */;
			buildPhases = (
				0FCB958822BB6001006A5B0B /* Sources */,
				0FCB958922BB6001006A5B0B /* Frameworks */,
				0FCB958A22BB6001006A5B0B /* Resources */,
			);
			buildRules = (
			);
			dependencies = (
				0FCB958E22BB6001006A5B0B /* PBXTargetDependency */,
			);
			name = CarCommentUITests;
			productName = CarCommentUITests;
			productReference = 0FCB958C22BB6001006A5B0B /* CarCommentUITests.xctest */;
			productType = "com.apple.product-type.bundle.ui-testing";
		};
/* End PBXNativeTarget section */

/* Begin PBXProject section */
		0FCB956122BB5FFF006A5B0B /* Project object */ = {
			isa = PBXProject;
			attributes = {
				LastUpgradeCheck = 1020;
				ORGANIZATIONNAME = ChangHong;
				TargetAttributes = {
					0FCB956822BB5FFF006A5B0B = {
						CreatedOnToolsVersion = 10.2.1;
					};
					0FCB958022BB6001006A5B0B = {
						CreatedOnToolsVersion = 10.2.1;
						TestTargetID = 0FCB956822BB5FFF006A5B0B;
					};
					0FCB958B22BB6001006A5B0B = {
						CreatedOnToolsVersion = 10.2.1;
						TestTargetID = 0FCB956822BB5FFF006A5B0B;
					};
				};
			};
			buildConfigurationList = 0FCB956422BB5FFF006A5B0B /* Build configuration list for PBXProject "CarComment" */;
			compatibilityVersion = "Xcode 9.3";
			developmentRegion = en;
			hasScannedForEncodings = 0;
			knownRegions = (
				en,
				Base,
			);
			mainGroup = 0FCB956022BB5FFF006A5B0B;
			productRefGroup = 0FCB956A22BB5FFF006A5B0B /* Products */;
			projectDirPath = "";
			projectRoot = "";
			targets = (
				0FCB956822BB5FFF006A5B0B /* CarComment */,
				0FCB958022BB6001006A5B0B /* CarCommentTests */,
				0FCB958B22BB6001006A5B0B /* CarCommentUITests */,
			);
		};
/* End PBXProject section */

/* Begin PBXResourcesBuildPhase section */
		0FCB956722BB5FFF006A5B0B /* Resources */ = {
			isa = PBXResourcesBuildPhase;
			buildActionMask = 2147483647;
			files = (
				0FCB957922BB6001006A5B0B /* LaunchScreen.storyboard in Resources */,
				0FCB957622BB6001006A5B0B /* Assets.xcassets in Resources */,
				0FCB957422BB5FFF006A5B0B /* Main.storyboard in Resources */,
			);
			runOnlyForDeploymentPostprocessing = 0;
		};
		0FCB957F22BB6001006A5B0B /* Resources */ = {
			isa = PBXResourcesBuildPhase;
			buildActionMask = 2147483647;
			files = (
			);
			runOnlyForDeploymentPostprocessing = 0;
		};
		0FCB958A22BB6001006A5B0B /* Resources */ = {
			isa = PBXResourcesBuildPhase;
			buildActionMask = 2147483647;
			files = (
			);
			runOnlyForDeploymentPostprocessing = 0;
		};
/* End PBXResourcesBuildPhase section */

/* Begin PBXSourcesBuildPhase section */
		0FCB956522BB5FFF006A5B0B /* Sources */ = {
			isa = PBXSourcesBuildPhase;
			buildActionMask = 2147483647;
			files = (
				0FCB95A022BB7532006A5B0B /* MainTableViewController.m in Sources */,
				0FCB957C22BB6001006A5B0B /* main.m in Sources */,
				0FCB956E22BB5FFF006A5B0B /* AppDelegate.m in Sources */,
				0FCB95A222BB90C1006A5B0B /* classifier.mlmodel in Sources */,
			);
			runOnlyForDeploymentPostprocessing = 0;
		};
		0FCB957D22BB6001006A5B0B /* Sources */ = {
			isa = PBXSourcesBuildPhase;
			buildActionMask = 2147483647;
			files = (
				0FCB958622BB6001006A5B0B /* CarCommentTests.m in Sources */,
			);
			runOnlyForDeploymentPostprocessing = 0;
		};
		0FCB958822BB6001006A5B0B /* Sources */ = {
			isa = PBXSourcesBuildPhase;
			buildActionMask = 2147483647;
			files = (
				0FCB959122BB6001006A5B0B /* CarCommentUITests.m in Sources */,
			);
			runOnlyForDeploymentPostprocessing = 0;
		};
/* End PBXSourcesBuildPhase section */

/* Begin PBXTargetDependency section */
		0FCB958322BB6001006A5B0B /* PBXTargetDependency */ = {
			isa = PBXTargetDependency;
			target = 0FCB956822BB5FFF006A5B0B /* CarComment */;
			targetProxy = 0FCB958222BB6001006A5B0B /* PBXContainerItemProxy */;
		};
		0FCB958E22BB6001006A5B0B /* PBXTargetDependency */ = {
			isa = PBXTargetDependency;
			target = 0FCB956822BB5FFF006A5B0B /* CarComment */;
			targetProxy = 0FCB958D22BB6001006A5B0B /* PBXContainerItemProxy */;
		};
/* End PBXTargetDependency section */

/* Begin PBXVariantGroup section */
		0FCB957222BB5FFF006A5B0B /* Main.storyboard */ = {
			isa = PBXVariantGroup;
			children = (
				0FCB957322BB5FFF006A5B0B /* Base */,
			);
			name = Main.storyboard;
			sourceTree = "<group>";
		};
		0FCB957722BB6001006A5B0B /* LaunchScreen.storyboard */ = {
			isa = PBXVariantGroup;
			children = (
				0FCB957822BB6001006A5B0B /* Base */,
			);
			name = LaunchScreen.storyboard;
			sourceTree = "<group>";
		};
/* End PBXVariantGroup section */

/* Begin XCBuildConfiguration section */
		0FCB959322BB6001006A5B0B /* Debug */ = {
			isa = XCBuildConfiguration;
			buildSettings = {
				ALWAYS_SEARCH_USER_PATHS = NO;
				CLANG_ANALYZER_NONNULL = YES;
				CLANG_ANALYZER_NUMBER_OBJECT_CONVERSION = YES_AGGRESSIVE;
				CLANG_CXX_LANGUAGE_STANDARD = "gnu++14";
				CLANG_CXX_LIBRARY = "libc++";
				CLANG_ENABLE_MODULES = YES;
				CLANG_ENABLE_OBJC_ARC = YES;
				CLANG_ENABLE_OBJC_WEAK = YES;
				CLANG_WARN_BLOCK_CAPTURE_AUTORELEASING = YES;
				CLANG_WARN_BOOL_CONVERSION = YES;
				CLANG_WARN_COMMA = YES;
				CLANG_WARN_CONSTANT_CONVERSION = YES;
				CLANG_WARN_DEPRECATED_OBJC_IMPLEMENTATIONS = YES;
				CLANG_WARN_DIRECT_OBJC_ISA_USAGE = YES_ERROR;
				CLANG_WARN_DOCUMENTATION_COMMENTS = YES;
				CLANG_WARN_EMPTY_BODY = YES;
				CLANG_WARN_ENUM_CONVERSION = YES;
				CLANG_WARN_INFINITE_RECURSION = YES;
				CLANG_WARN_INT_CONVERSION = YES;
				CLANG_WARN_NON_LITERAL_NULL_CONVERSION = YES;
				CLANG_WARN_OBJC_IMPLICIT_RETAIN_SELF = YES;
				CLANG_WARN_OBJC_LITERAL_CONVERSION = YES;
				CLANG_WARN_OBJC_ROOT_CLASS = YES_ERROR;
				CLANG_WARN_RANGE_LOOP_ANALYSIS = YES;
				CLANG_WARN_STRICT_PROTOTYPES = YES;
				CLANG_WARN_SUSPICIOUS_MOVE = YES;
				CLANG_WARN_UNGUARDED_AVAILABILITY = YES_AGGRESSIVE;
				CLANG_WARN_UNREACHABLE_CODE = YES;
				CLANG_WARN__DUPLICATE_METHOD_MATCH = YES;
				CODE_SIGN_IDENTITY = "iPhone Developer";
				COPY_PHASE_STRIP = NO;
				DEBUG_INFORMATION_FORMAT = dwarf;
				ENABLE_STRICT_OBJC_MSGSEND = YES;
				ENABLE_TESTABILITY = YES;
				GCC_C_LANGUAGE_STANDARD = gnu11;
				GCC_DYNAMIC_NO_PIC = NO;
				GCC_NO_COMMON_BLOCKS = YES;
				GCC_OPTIMIZATION_LEVEL = 0;
				GCC_PREPROCESSOR_DEFINITIONS = (
					"DEBUG=1",
					"$(inherited)",
				);
				GCC_WARN_64_TO_32_BIT_CONVERSION = YES;
				GCC_WARN_ABOUT_RETURN_TYPE = YES_ERROR;
				GCC_WARN_UNDECLARED_SELECTOR = YES;
				GCC_WARN_UNINITIALIZED_AUTOS = YES_AGGRESSIVE;
				GCC_WARN_UNUSED_FUNCTION = YES;
				GCC_WARN_UNUSED_VARIABLE = YES;
				IPHONEOS_DEPLOYMENT_TARGET = 12.2;
				MTL_ENABLE_DEBUG_INFO = INCLUDE_SOURCE;
				MTL_FAST_MATH = YES;
				ONLY_ACTIVE_ARCH = YES;
				SDKROOT = iphoneos;
			};
			name = Debug;
		};
		0FCB959422BB6001006A5B0B /* Release */ = {
			isa = XCBuildConfiguration;
			buildSettings = {
				ALWAYS_SEARCH_USER_PATHS = NO;
				CLANG_ANALYZER_NONNULL = YES;
				CLANG_ANALYZER_NUMBER_OBJECT_CONVERSION = YES_AGGRESSIVE;
				CLANG_CXX_LANGUAGE_STANDARD = "gnu++14";
				CLANG_CXX_LIBRARY = "libc++";
				CLANG_ENABLE_MODULES = YES;
				CLANG_ENABLE_OBJC_ARC = YES;
				CLANG_ENABLE_OBJC_WEAK = YES;
				CLANG_WARN_BLOCK_CAPTURE_AUTORELEASING = YES;
				CLANG_WARN_BOOL_CONVERSION = YES;
				CLANG_WARN_COMMA = YES;
				CLANG_WARN_CONSTANT_CONVERSION = YES;
				CLANG_WARN_DEPRECATED_OBJC_IMPLEMENTATIONS = YES;
				CLANG_WARN_DIRECT_OBJC_ISA_USAGE = YES_ERROR;
				CLANG_WARN_DOCUMENTATION_COMMENTS = YES;
				CLANG_WARN_EMPTY_BODY = YES;
				CLANG_WARN_ENUM_CONVERSION = YES;
				CLANG_WARN_INFINITE_RECURSION = YES;
				CLANG_WARN_INT_CONVERSION = YES;
				CLANG_WARN_NON_LITERAL_NULL_CONVERSION = YES;
				CLANG_WARN_OBJC_IMPLICIT_RETAIN_SELF = YES;
				CLANG_WARN_OBJC_LITERAL_CONVERSION = YES;
				CLANG_WARN_OBJC_ROOT_CLASS = YES_ERROR;
				CLANG_WARN_RANGE_LOOP_ANALYSIS = YES;
				CLANG_WARN_STRICT_PROTOTYPES = YES;
				CLANG_WARN_SUSPICIOUS_MOVE = YES;
				CLANG_WARN_UNGUARDED_AVAILABILITY = YES_AGGRESSIVE;
				CLANG_WARN_UNREACHABLE_CODE = YES;
				CLANG_WARN__DUPLICATE_METHOD_MATCH = YES;
				CODE_SIGN_IDENTITY = "iPhone Developer";
				COPY_PHASE_STRIP = NO;
				DEBUG_INFORMATION_FORMAT = "dwarf-with-dsym";
				ENABLE_NS_ASSERTIONS = NO;
				ENABLE_STRICT_OBJC_MSGSEND = YES;
				GCC_C_LANGUAGE_STANDARD = gnu11;
				GCC_NO_COMMON_BLOCKS = YES;
				GCC_WARN_64_TO_32_BIT_CONVERSION = YES;
				GCC_WARN_ABOUT_RETURN_TYPE = YES_ERROR;
				GCC_WARN_UNDECLARED_SELECTOR = YES;
				GCC_WARN_UNINITIALIZED_AUTOS = YES_AGGRESSIVE;
				GCC_WARN_UNUSED_FUNCTION = YES;
				GCC_WARN_UNUSED_VARIABLE = YES;
				IPHONEOS_DEPLOYMENT_TARGET = 12.2;
				MTL_ENABLE_DEBUG_INFO = NO;
				MTL_FAST_MATH = YES;
				SDKROOT = iphoneos;
				VALIDATE_PRODUCT = YES;
			};
			name = Release;
		};
		0FCB959622BB6001006A5B0B /* Debug */ = {
			isa = XCBuildConfiguration;
			buildSettings = {
				ASSETCATALOG_COMPILER_APPICON_NAME = AppIcon;
				CODE_SIGN_STYLE = Automatic;
				DEVELOPMENT_TEAM = 4877NTFFXU;
				INFOPLIST_FILE = CarComment/Info.plist;
				LD_RUNPATH_SEARCH_PATHS = (
					"$(inherited)",
					"@executable_path/Frameworks",
				);
				PRODUCT_BUNDLE_IDENTIFIER = com.changhong.CarComment;
				PRODUCT_NAME = "$(TARGET_NAME)";
				TARGETED_DEVICE_FAMILY = "1,2";
			};
			name = Debug;
		};
		0FCB959722BB6001006A5B0B /* Release */ = {
			isa = XCBuildConfiguration;
			buildSettings = {
				ASSETCATALOG_COMPILER_APPICON_NAME = AppIcon;
				CODE_SIGN_STYLE = Automatic;
				DEVELOPMENT_TEAM = 4877NTFFXU;
				INFOPLIST_FILE = CarComment/Info.plist;
				LD_RUNPATH_SEARCH_PATHS = (
					"$(inherited)",
					"@executable_path/Frameworks",
				);
				PRODUCT_BUNDLE_IDENTIFIER = com.changhong.CarComment;
				PRODUCT_NAME = "$(TARGET_NAME)";
				TARGETED_DEVICE_FAMILY = "1,2";
			};
			name = Release;
		};
		0FCB959922BB6001006A5B0B /* Debug */ = {
			isa = XCBuildConfiguration;
			buildSettings = {
				BUNDLE_LOADER = "$(TEST_HOST)";
				CODE_SIGN_STYLE = Automatic;
				DEVELOPMENT_TEAM = 4877NTFFXU;
				INFOPLIST_FILE = CarCommentTests/Info.plist;
				LD_RUNPATH_SEARCH_PATHS = (
					"$(inherited)",
					"@executable_path/Frameworks",
					"@loader_path/Frameworks",
				);
				PRODUCT_BUNDLE_IDENTIFIER = com.changhong.CarCommentTests;
				PRODUCT_NAME = "$(TARGET_NAME)";
				TARGETED_DEVICE_FAMILY = "1,2";
				TEST_HOST = "$(BUILT_PRODUCTS_DIR)/CarComment.app/CarComment";
			};
			name = Debug;
		};
		0FCB959A22BB6001006A5B0B /* Release */ = {
			isa = XCBuildConfiguration;
			buildSettings = {
				BUNDLE_LOADER = "$(TEST_HOST)";
				CODE_SIGN_STYLE = Automatic;
				DEVELOPMENT_TEAM = 4877NTFFXU;
				INFOPLIST_FILE = CarCommentTests/Info.plist;
				LD_RUNPATH_SEARCH_PATHS = (
					"$(inherited)",
					"@executable_path/Frameworks",
					"@loader_path/Frameworks",
				);
				PRODUCT_BUNDLE_IDENTIFIER = com.changhong.CarCommentTests;
				PRODUCT_NAME = "$(TARGET_NAME)";
				TARGETED_DEVICE_FAMILY = "1,2";
				TEST_HOST = "$(BUILT_PRODUCTS_DIR)/CarComment.app/CarComment";
			};
			name = Release;
		};
		0FCB959C22BB6001006A5B0B /* Debug */ = {
			isa = XCBuildConfiguration;
			buildSettings = {
				CODE_SIGN_STYLE = Automatic;
				DEVELOPMENT_TEAM = 4877NTFFXU;
				INFOPLIST_FILE = CarCommentUITests/Info.plist;
				LD_RUNPATH_SEARCH_PATHS = (
					"$(inherited)",
					"@executable_path/Frameworks",
					"@loader_path/Frameworks",
				);
				PRODUCT_BUNDLE_IDENTIFIER = com.changhong.CarCommentUITests;
				PRODUCT_NAME = "$(TARGET_NAME)";
				TARGETED_DEVICE_FAMILY = "1,2";
				TEST_TARGET_NAME = CarComment;
			};
			name = Debug;
		};
		0FCB959D22BB6001006A5B0B /* Release */ = {
			isa = XCBuildConfiguration;
			buildSettings = {
				CODE_SIGN_STYLE = Automatic;
				DEVELOPMENT_TEAM = 4877NTFFXU;
				INFOPLIST_FILE = CarCommentUITests/Info.plist;
				LD_RUNPATH_SEARCH_PATHS = (
					"$(inherited)",
					"@executable_path/Frameworks",
					"@loader_path/Frameworks",
				);
				PRODUCT_BUNDLE_IDENTIFIER = com.changhong.CarCommentUITests;
				PRODUCT_NAME = "$(TARGET_NAME)";
				TARGETED_DEVICE_FAMILY = "1,2";
				TEST_TARGET_NAME = CarComment;
			};
			name = Release;
		};
/* End XCBuildConfiguration section */

/* Begin XCConfigurationList section */
		0FCB956422BB5FFF006A5B0B /* Build configuration list for PBXProject "CarComment" */ = {
			isa = XCConfigurationList;
			buildConfigurations = (
				0FCB959322BB6001006A5B0B /* Debug */,
				0FCB959422BB6001006A5B0B /* Release */,
			);
			defaultConfigurationIsVisible = 0;
			defaultConfigurationName = Release;
		};
		0FCB959522BB6001006A5B0B /* Build configuration list for PBXNativeTarget "CarComment" */ = {
			isa = XCConfigurationList;
			buildConfigurations = (
				0FCB959622BB6001006A5B0B /* Debug */,
				0FCB959722BB6001006A5B0B /* Release */,
			);
			defaultConfigurationIsVisible = 0;
			defaultConfigurationName = Release;
		};
		0FCB959822BB6001006A5B0B /* Build configuration list for PBXNativeTarget "CarCommentTests" */ = {
			isa = XCConfigurationList;
			buildConfigurations = (
				0FCB959922BB6001006A5B0B /* Debug */,
				0FCB959A22BB6001006A5B0B /* Release */,
			);
			defaultConfigurationIsVisible = 0;
			defaultConfigurationName = Release;
		};
		0FCB959B22BB6001006A5B0B /* Build configuration list for PBXNativeTarget "CarCommentUITests" */ = {
			isa = XCConfigurationList;
			buildConfigurations = (
				0FCB959C22BB6001006A5B0B /* Debug */,
				0FCB959D22BB6001006A5B0B /* Release */,
			);
			defaultConfigurationIsVisible = 0;
			defaultConfigurationName = Release;
		};
/* End XCConfigurationList section */
	};
	rootObject = 0FCB956122BB5FFF006A5B0B /* Project object */;
}
